
Microsoft Visual Studio Solution File, Format Version 12.00
# Visual Studio Version 16
VisualStudioVersion = 16.0.30413.136
MinimumVisualStudioVersion = 10.0.40219.1
Project("{FAE04EC0-301F-11D3-BF4B-00C04F79EFBC}") = "Renklerin Dili", "Renklerin Dili\Renklerin Dili.csproj", "{AC3CB5F6-3497-4454-AD75-1B2629A47B7A}"
EndProject
Global
	GlobalSection(SolutionConfigurationPlatforms) = preSolution
		Debug|Any CPU = Debug|Any CPU
		Release|Any CPU = Release|Any CPU
	EndGlobalSection
	GlobalSection(ProjectConfigurationPlatforms) = postSolution
		{AC3CB5F6-3497-4454-AD75-1B2629A47B7A}.Debug|Any CPU.ActiveCfg = Debug|Any CPU
		{AC3CB5F6-3497-4454-AD75-1B2629A47B7A}.Debug|Any CPU.Build.0 = Debug|Any CPU
		{AC3CB5F6-3497-4454-AD75-1B2629A47B7A}.Release|Any CPU.ActiveCfg = Release|Any CPU
		{AC3CB5F6-3497-4454-AD75-1B2629A47B7A}.Release|Any CPU.Build.0 = Release|Any CPU
	EndGlobalSection
	GlobalSection(SolutionProperties) = preSolution
		HideSolutionNode = FALSE
	EndGlobalSection
	GlobalSection(ExtensibilityGlobals) = postSolution
		SolutionGuid = {E4FDD5A8-59EB-446C-BA56-93D34E353209}
	EndGlobalSection
EndGlobal
